
Microsoft Visual Studio Solution File, Format Version 12.00
# Visual Studio Version 17
VisualStudioVersion = 17.10.35013.160
MinimumVisualStudioVersion = 10.0.40219.1
Project("{FAE04EC0-301F-11D3-BF4B-00C04F79EFBC}") = "Sandip1", "Sandip1\Sandip1.csproj", "{3BCF5637-537E-49C5-85FF-2F97A73E67FC}"
EndProject
Global
	GlobalSection(SolutionConfigurationPlatforms) = preSolution
		Debug|Any CPU = Debug|Any CPU
		Release|Any CPU = Release|Any CPU
	EndGlobalSection
	GlobalSection(ProjectConfigurationPlatforms) = postSolution
		{3BCF5637-537E-49C5-85FF-2F97A73E67FC}.Debug|Any CPU.ActiveCfg = Debug|Any CPU
		{3BCF5637-537E-49C5-85FF-2F97A73E67FC}.Debug|Any CPU.Build.0 = Debug|Any CPU
		{3BCF5637-537E-49C5-85FF-2F97A73E67FC}.Release|Any CPU.ActiveCfg = Release|Any CPU
		{3BCF5637-537E-49C5-85FF-2F97A73E67FC}.Release|Any CPU.Build.0 = Release|Any CPU
	EndGlobalSection
	GlobalSection(SolutionProperties) = preSolution
		HideSolutionNode = FALSE
	EndGlobalSection
	GlobalSection(ExtensibilityGlobals) = postSolution
		SolutionGuid = {ADF65517-D77F-4BD5-B532-F42CEBE3FBD1}
	EndGlobalSection
EndGlobal
